
Microsoft Visual Studio Solution File, Format Version 12.00
# Visual Studio Version 17
VisualStudioVersion = 17.5.002.0
MinimumVisualStudioVersion = 10.0.40219.1
Project("{2150E333-8FDC-42A3-9474-1A3956D46DE8}") = "Hw01", "Hw01", "{21EBB51C-CD16-4F00-ABEE-4F91E567E6F3}"
EndProject
Project("{9A19103F-16F7-4668-BE54-9A1E7A4F7556}") = "Task01", "Hw01\Task01\Task01.csproj", "{C8B3CDDE-3EB1-4198-810A-857AB55C1A89}"
EndProject
Project("{9A19103F-16F7-4668-BE54-9A1E7A4F7556}") = "Task02", "Hw01\Task02\Task02.csproj", "{AFB20072-7673-4B5E-9AF5-D8089390FA32}"
EndProject
Project("{9A19103F-16F7-4668-BE54-9A1E7A4F7556}") = "Task03", "Hw01\Task03\Task03.csproj", "{13A9478D-3BC4-41D0-8524-7713D01F521A}"
EndProject
Project("{9A19103F-16F7-4668-BE54-9A1E7A4F7556}") = "Task04", "Hw01\Task04\Task04.csproj", "{58FE58EB-155B-49DA-80FA-2C29CD793D1C}"
EndProject
Project("{2150E333-8FDC-42A3-9474-1A3956D46DE8}") = "Hw02", "Hw02", "{217E42F3-316E-47DA-A0FB-CF5AF6B7DD5F}"
EndProject
Project("{9A19103F-16F7-4668-BE54-9A1E7A4F7556}") = "Example", "Hw02\Example\Example.csproj", "{14C39349-901F-4627-A862-9FE03D68024B}"
EndProject
Project("{9A19103F-16F7-4668-BE54-9A1E7A4F7556}") = "Task01", "Hw02\Task01\Task01.csproj", "{397005E6-9483-42D1-82A2-82D0D297FFC8}"
EndProject
Project("{9A19103F-16F7-4668-BE54-9A1E7A4F7556}") = "Task02", "Hw02\Task02\Task02.csproj", "{80A0DF7C-5410-4229-9AA7-69D913086216}"
EndProject
Project("{9A19103F-16F7-4668-BE54-9A1E7A4F7556}") = "Task03", "Hw02\Task03\Task03.csproj", "{CC589B05-6DD9-4106-AE49-A9D524E93539}"
EndProject
Project("{2150E333-8FDC-42A3-9474-1A3956D46DE8}") = "Hw03", "Hw03", "{B85DD636-1673-42CC-9525-93204766B232}"
EndProject
Project("{9A19103F-16F7-4668-BE54-9A1E7A4F7556}") = "Example", "Hw03\Example\Example.csproj", "{00698BC1-127E-46B6-8036-FEE4AC751EC2}"
EndProject
Project("{9A19103F-16F7-4668-BE54-9A1E7A4F7556}") = "Task001", "Hw03\Task001\Task001.csproj", "{2A39A3D1-8F66-476C-85F7-515FFB152BB3}"
EndProject
Project("{9A19103F-16F7-4668-BE54-9A1E7A4F7556}") = "Task002", "Hw03\Task002\Task002.csproj", "{684375A2-AE97-40F6-9957-999A1E85ADE0}"
EndProject
Project("{9A19103F-16F7-4668-BE54-9A1E7A4F7556}") = "Task003", "Hw03\Task003\Task003.csproj", "{A8D0F985-4FE5-4D0B-8191-F1CF8C621E20}"
EndProject
Project("{2150E333-8FDC-42A3-9474-1A3956D46DE8}") = "Hw04", "Hw04", "{67517945-567A-4D97-A932-85A771863303}"
EndProject
Project("{9A19103F-16F7-4668-BE54-9A1E7A4F7556}") = "Task001", "Hw04\Task001\Task001.csproj", "{D005BC1D-9583-48EB-B414-61B104A67991}"
EndProject
Project("{9A19103F-16F7-4668-BE54-9A1E7A4F7556}") = "Task002", "Hw04\Task002\Task002.csproj", "{1B97E65F-1680-4DC0-8273-C60B29353F18}"
EndProject
Project("{9A19103F-16F7-4668-BE54-9A1E7A4F7556}") = "Task003", "Hw04\Task003\Task003.csproj", "{E6182FFD-DE0D-4C13-8557-497D48604F94}"
EndProject
Project("{2150E333-8FDC-42A3-9474-1A3956D46DE8}") = "Hw05", "Hw05", "{A9F860F1-CA5E-4FCE-9E47-F34665BCF44A}"
EndProject
Project("{9A19103F-16F7-4668-BE54-9A1E7A4F7556}") = "Example01", "Hw05\Example01\Example01.csproj", "{A31B3B26-721D-4FBB-9D3B-1D8242132BD4}"
EndProject
Project("{9A19103F-16F7-4668-BE54-9A1E7A4F7556}") = "Task001", "Hw05\Task001\Task001.csproj", "{DA6E1BBB-AF1D-44E8-95CF-5554A35DBDDE}"
EndProject
Project("{9A19103F-16F7-4668-BE54-9A1E7A4F7556}") = "Task002", "Hw05\Task002\Task002.csproj", "{D5F97246-D194-490A-8008-6741006318A8}"
EndProject
Project("{9A19103F-16F7-4668-BE54-9A1E7A4F7556}") = "Task003", "Hw05\Task003\Task003.csproj", "{50174904-C71A-4A1E-B197-45826509A956}"
EndProject
Project("{2150E333-8FDC-42A3-9474-1A3956D46DE8}") = "Hw06", "Hw06", "{2DAD1423-212B-4C21-90FB-04CE41EA6CF1}"
EndProject
Project("{9A19103F-16F7-4668-BE54-9A1E7A4F7556}") = "Task001", "Hw06\Task001\Task001.csproj", "{A3248A2D-96B6-4808-A239-AD65D9DE21B9}"
EndProject
Project("{9A19103F-16F7-4668-BE54-9A1E7A4F7556}") = "Task002", "Hw06\Task002\Task002.csproj", "{4EA6EF34-1731-4B69-9FD3-79260C1D812C}"
EndProject
Project("{2150E333-8FDC-42A3-9474-1A3956D46DE8}") = "Hw07", "Hw07", "{B46630F9-D803-4468-849D-EA0EC74350A8}"
EndProject
Project("{9A19103F-16F7-4668-BE54-9A1E7A4F7556}") = "Example", "Hw07\Example\Example.csproj", "{E31ECD8A-4D3D-429F-8212-3F21CF7E273B}"
EndProject
Project("{9A19103F-16F7-4668-BE54-9A1E7A4F7556}") = "Task001", "Hw07\Task001\Task001.csproj", "{5C1C3243-EE1C-45A1-8568-8390E0AC83F6}"
EndProject
Project("{9A19103F-16F7-4668-BE54-9A1E7A4F7556}") = "Task002", "Hw07\Task002\Task002.csproj", "{05C12913-338A-4306-8E18-A51A471389CD}"
EndProject
Project("{9A19103F-16F7-4668-BE54-9A1E7A4F7556}") = "Task003", "Hw07\Task003\Task003.csproj", "{759CB93C-1414-4D4D-A5CF-56B5217A4EB7}"
EndProject
Project("{9A19103F-16F7-4668-BE54-9A1E7A4F7556}") = "Task004_Bonus", "Hw07\Task004_Bonus\Task004_Bonus.csproj", "{39271743-0DDC-4EF3-AD4A-7E197ECC3D0A}"
EndProject
Project("{2150E333-8FDC-42A3-9474-1A3956D46DE8}") = "Hw08", "Hw08", "{3756C18F-E4E5-4608-9C25-0210D4E1702D}"
EndProject
Project("{9A19103F-16F7-4668-BE54-9A1E7A4F7556}") = "Example", "Hw08\Example\Example.csproj", "{4F9A88C9-8C10-47E4-A4D4-EC667A715AF5}"
EndProject
Project("{9A19103F-16F7-4668-BE54-9A1E7A4F7556}") = "Task001", "Hw08\Task001\Task001.csproj", "{11EB3B41-4ED1-4B8C-BBBB-1C51CDEE3C6D}"
EndProject
Project("{9A19103F-16F7-4668-BE54-9A1E7A4F7556}") = "Task002", "Hw08\Task002\Task002.csproj", "{17D1B2EA-98BA-4D2C-A0BB-3EB7EE6901F6}"
EndProject
Project("{9A19103F-16F7-4668-BE54-9A1E7A4F7556}") = "Task003", "Hw08\Task003\Task003.csproj", "{BC4E5A5D-C1AA-426C-8D13-C6446E05A09E}"
EndProject
Project("{9A19103F-16F7-4668-BE54-9A1E7A4F7556}") = "Task004", "Hw08\Task004\Task004.csproj", "{08917DE1-53BB-4094-BE57-EF41453F887E}"
EndProject
Project("{2150E333-8FDC-42A3-9474-1A3956D46DE8}") = "Hw09", "Hw09", "{F733200B-4743-49E4-9A47-F3E969FDF0DC}"
EndProject
Project("{9A19103F-16F7-4668-BE54-9A1E7A4F7556}") = "Task001", "Hw09\Task001\Task001.csproj", "{0CFCD58D-42FB-4B68-8B2F-500B07F47BFD}"
EndProject
Project("{9A19103F-16F7-4668-BE54-9A1E7A4F7556}") = "Task002", "Hw09\Task002\Task002.csproj", "{94CC4322-9EB0-4DB3-B864-57D22304B86E}"
EndProject
Project("{9A19103F-16F7-4668-BE54-9A1E7A4F7556}") = "Task003", "Hw09\Task003\Task003.csproj", "{3AD0BE44-E027-469E-AEBC-14BB21824580}"
EndProject
Global
	GlobalSection(SolutionConfigurationPlatforms) = preSolution
		Debug|Any CPU = Debug|Any CPU
		Release|Any CPU = Release|Any CPU
	EndGlobalSection
	GlobalSection(ProjectConfigurationPlatforms) = postSolution
		{C8B3CDDE-3EB1-4198-810A-857AB55C1A89}.Debug|Any CPU.ActiveCfg = Debug|Any CPU
		{C8B3CDDE-3EB1-4198-810A-857AB55C1A89}.Debug|Any CPU.Build.0 = Debug|Any CPU
		{C8B3CDDE-3EB1-4198-810A-857AB55C1A89}.Release|Any CPU.ActiveCfg = Release|Any CPU
		{C8B3CDDE-3EB1-4198-810A-857AB55C1A89}.Release|Any CPU.Build.0 = Release|Any CPU
		{AFB20072-7673-4B5E-9AF5-D8089390FA32}.Debug|Any CPU.ActiveCfg = Debug|Any CPU
		{AFB20072-7673-4B5E-9AF5-D8089390FA32}.Debug|Any CPU.Build.0 = Debug|Any CPU
		{AFB20072-7673-4B5E-9AF5-D8089390FA32}.Release|Any CPU.ActiveCfg = Release|Any CPU
		{AFB20072-7673-4B5E-9AF5-D8089390FA32}.Release|Any CPU.Build.0 = Release|Any CPU
		{13A9478D-3BC4-41D0-8524-7713D01F521A}.Debug|Any CPU.ActiveCfg = Debug|Any CPU
		{13A9478D-3BC4-41D0-8524-7713D01F521A}.Debug|Any CPU.Build.0 = Debug|Any CPU
		{13A9478D-3BC4-41D0-8524-7713D01F521A}.Release|Any CPU.ActiveCfg = Release|Any CPU
		{13A9478D-3BC4-41D0-8524-7713D01F521A}.Release|Any CPU.Build.0 = Release|Any CPU
		{58FE58EB-155B-49DA-80FA-2C29CD793D1C}.Debug|Any CPU.ActiveCfg = Debug|Any CPU
		{58FE58EB-155B-49DA-80FA-2C29CD793D1C}.Debug|Any CPU.Build.0 = Debug|Any CPU
		{58FE58EB-155B-49DA-80FA-2C29CD793D1C}.Release|Any CPU.ActiveCfg = Release|Any CPU
		{58FE58EB-155B-49DA-80FA-2C29CD793D1C}.Release|Any CPU.Build.0 = Release|Any CPU
		{14C39349-901F-4627-A862-9FE03D68024B}.Debug|Any CPU.ActiveCfg = Debug|Any CPU
		{14C39349-901F-4627-A862-9FE03D68024B}.Debug|Any CPU.Build.0 = Debug|Any CPU
		{14C39349-901F-4627-A862-9FE03D68024B}.Release|Any CPU.ActiveCfg = Release|Any CPU
		{14C39349-901F-4627-A862-9FE03D68024B}.Release|Any CPU.Build.0 = Release|Any CPU
		{397005E6-9483-42D1-82A2-82D0D297FFC8}.Debug|Any CPU.ActiveCfg = Debug|Any CPU
		{397005E6-9483-42D1-82A2-82D0D297FFC8}.Debug|Any CPU.Build.0 = Debug|Any CPU
		{397005E6-9483-42D1-82A2-82D0D297FFC8}.Release|Any CPU.ActiveCfg = Release|Any CPU
		{397005E6-9483-42D1-82A2-82D0D297FFC8}.Release|Any CPU.Build.0 = Release|Any CPU
		{80A0DF7C-5410-4229-9AA7-69D913086216}.Debug|Any CPU.ActiveCfg = Debug|Any CPU
		{80A0DF7C-5410-4229-9AA7-69D913086216}.Debug|Any CPU.Build.0 = Debug|Any CPU
		{80A0DF7C-5410-4229-9AA7-69D913086216}.Release|Any CPU.ActiveCfg = Release|Any CPU
		{80A0DF7C-5410-4229-9AA7-69D913086216}.Release|Any CPU.Build.0 = Release|Any CPU
		{CC589B05-6DD9-4106-AE49-A9D524E93539}.Debug|Any CPU.ActiveCfg = Debug|Any CPU
		{CC589B05-6DD9-4106-AE49-A9D524E93539}.Debug|Any CPU.Build.0 = Debug|Any CPU
		{CC589B05-6DD9-4106-AE49-A9D524E93539}.Release|Any CPU.ActiveCfg = Release|Any CPU
		{CC589B05-6DD9-4106-AE49-A9D524E93539}.Release|Any CPU.Build.0 = Release|Any CPU
		{00698BC1-127E-46B6-8036-FEE4AC751EC2}.Debug|Any CPU.ActiveCfg = Debug|Any CPU
		{00698BC1-127E-46B6-8036-FEE4AC751EC2}.Debug|Any CPU.Build.0 = Debug|Any CPU
		{00698BC1-127E-46B6-8036-FEE4AC751EC2}.Release|Any CPU.ActiveCfg = Release|Any CPU
		{00698BC1-127E-46B6-8036-FEE4AC751EC2}.Release|Any CPU.Build.0 = Release|Any CPU
		{2A39A3D1-8F66-476C-85F7-515FFB152BB3}.Debug|Any CPU.ActiveCfg = Debug|Any CPU
		{2A39A3D1-8F66-476C-85F7-515FFB152BB3}.Debug|Any CPU.Build.0 = Debug|Any CPU
		{2A39A3D1-8F66-476C-85F7-515FFB152BB3}.Release|Any CPU.ActiveCfg = Release|Any CPU
		{2A39A3D1-8F66-476C-85F7-515FFB152BB3}.Release|Any CPU.Build.0 = Release|Any CPU
		{684375A2-AE97-40F6-9957-999A1E85ADE0}.Debug|Any CPU.ActiveCfg = Debug|Any CPU
		{684375A2-AE97-40F6-9957-999A1E85ADE0}.Debug|Any CPU.Build.0 = Debug|Any CPU
		{684375A2-AE97-40F6-9957-999A1E85ADE0}.Release|Any CPU.ActiveCfg = Release|Any CPU
		{684375A2-AE97-40F6-9957-999A1E85ADE0}.Release|Any CPU.Build.0 = Release|Any CPU
		{A8D0F985-4FE5-4D0B-8191-F1CF8C621E20}.Debug|Any CPU.ActiveCfg = Debug|Any CPU
		{A8D0F985-4FE5-4D0B-8191-F1CF8C621E20}.Debug|Any CPU.Build.0 = Debug|Any CPU
		{A8D0F985-4FE5-4D0B-8191-F1CF8C621E20}.Release|Any CPU.ActiveCfg = Release|Any CPU
		{A8D0F985-4FE5-4D0B-8191-F1CF8C621E20}.Release|Any CPU.Build.0 = Release|Any CPU
		{D005BC1D-9583-48EB-B414-61B104A67991}.Debug|Any CPU.ActiveCfg = Debug|Any CPU
		{D005BC1D-9583-48EB-B414-61B104A67991}.Debug|Any CPU.Build.0 = Debug|Any CPU
		{D005BC1D-9583-48EB-B414-61B104A67991}.Release|Any CPU.ActiveCfg = Release|Any CPU
		{D005BC1D-9583-48EB-B414-61B104A67991}.Release|Any CPU.Build.0 = Release|Any CPU
		{1B97E65F-1680-4DC0-8273-C60B29353F18}.Debug|Any CPU.ActiveCfg = Debug|Any CPU
		{1B97E65F-1680-4DC0-8273-C60B29353F18}.Debug|Any CPU.Build.0 = Debug|Any CPU
		{1B97E65F-1680-4DC0-8273-C60B29353F18}.Release|Any CPU.ActiveCfg = Release|Any CPU
		{1B97E65F-1680-4DC0-8273-C60B29353F18}.Release|Any CPU.Build.0 = Release|Any CPU
		{E6182FFD-DE0D-4C13-8557-497D48604F94}.Debug|Any CPU.ActiveCfg = Debug|Any CPU
		{E6182FFD-DE0D-4C13-8557-497D48604F94}.Debug|Any CPU.Build.0 = Debug|Any CPU
		{E6182FFD-DE0D-4C13-8557-497D48604F94}.Release|Any CPU.ActiveCfg = Release|Any CPU
		{E6182FFD-DE0D-4C13-8557-497D48604F94}.Release|Any CPU.Build.0 = Release|Any CPU
		{A31B3B26-721D-4FBB-9D3B-1D8242132BD4}.Debug|Any CPU.ActiveCfg = Debug|Any CPU
		{A31B3B26-721D-4FBB-9D3B-1D8242132BD4}.Debug|Any CPU.Build.0 = Debug|Any CPU
		{A31B3B26-721D-4FBB-9D3B-1D8242132BD4}.Release|Any CPU.ActiveCfg = Release|Any CPU
		{A31B3B26-721D-4FBB-9D3B-1D8242132BD4}.Release|Any CPU.Build.0 = Release|Any CPU
		{DA6E1BBB-AF1D-44E8-95CF-5554A35DBDDE}.Debug|Any CPU.ActiveCfg = Debug|Any CPU
		{DA6E1BBB-AF1D-44E8-95CF-5554A35DBDDE}.Debug|Any CPU.Build.0 = Debug|Any CPU
		{DA6E1BBB-AF1D-44E8-95CF-5554A35DBDDE}.Release|Any CPU.ActiveCfg = Release|Any CPU
		{DA6E1BBB-AF1D-44E8-95CF-5554A35DBDDE}.Release|Any CPU.Build.0 = Release|Any CPU
		{D5F97246-D194-490A-8008-6741006318A8}.Debug|Any CPU.ActiveCfg = Debug|Any CPU
		{D5F97246-D194-490A-8008-6741006318A8}.Debug|Any CPU.Build.0 = Debug|Any CPU
		{D5F97246-D194-490A-8008-6741006318A8}.Release|Any CPU.ActiveCfg = Release|Any CPU
		{D5F97246-D194-490A-8008-6741006318A8}.Release|Any CPU.Build.0 = Release|Any CPU
		{50174904-C71A-4A1E-B197-45826509A956}.Debug|Any CPU.ActiveCfg = Debug|Any CPU
		{50174904-C71A-4A1E-B197-45826509A956}.Debug|Any CPU.Build.0 = Debug|Any CPU
		{50174904-C71A-4A1E-B197-45826509A956}.Release|Any CPU.ActiveCfg = Release|Any CPU
		{50174904-C71A-4A1E-B197-45826509A956}.Release|Any CPU.Build.0 = Release|Any CPU
		{A3248A2D-96B6-4808-A239-AD65D9DE21B9}.Debug|Any CPU.ActiveCfg = Debug|Any CPU
		{A3248A2D-96B6-4808-A239-AD65D9DE21B9}.Debug|Any CPU.Build.0 = Debug|Any CPU
		{A3248A2D-96B6-4808-A239-AD65D9DE21B9}.Release|Any CPU.ActiveCfg = Release|Any CPU
		{A3248A2D-96B6-4808-A239-AD65D9DE21B9}.Release|Any CPU.Build.0 = Release|Any CPU
		{4EA6EF34-1731-4B69-9FD3-79260C1D812C}.Debug|Any CPU.ActiveCfg = Debug|Any CPU
		{4EA6EF34-1731-4B69-9FD3-79260C1D812C}.Debug|Any CPU.Build.0 = Debug|Any CPU
		{4EA6EF34-1731-4B69-9FD3-79260C1D812C}.Release|Any CPU.ActiveCfg = Release|Any CPU
		{4EA6EF34-1731-4B69-9FD3-79260C1D812C}.Release|Any CPU.Build.0 = Release|Any CPU
		{E31ECD8A-4D3D-429F-8212-3F21CF7E273B}.Debug|Any CPU.ActiveCfg = Debug|Any CPU
		{E31ECD8A-4D3D-429F-8212-3F21CF7E273B}.Debug|Any CPU.Build.0 = Debug|Any CPU
		{E31ECD8A-4D3D-429F-8212-3F21CF7E273B}.Release|Any CPU.ActiveCfg = Release|Any CPU
		{E31ECD8A-4D3D-429F-8212-3F21CF7E273B}.Release|Any CPU.Build.0 = Release|Any CPU
		{5C1C3243-EE1C-45A1-8568-8390E0AC83F6}.Debug|Any CPU.ActiveCfg = Debug|Any CPU
		{5C1C3243-EE1C-45A1-8568-8390E0AC83F6}.Debug|Any CPU.Build.0 = Debug|Any CPU
		{5C1C3243-EE1C-45A1-8568-8390E0AC83F6}.Release|Any CPU.ActiveCfg = Release|Any CPU
		{5C1C3243-EE1C-45A1-8568-8390E0AC83F6}.Release|Any CPU.Build.0 = Release|Any CPU
		{05C12913-338A-4306-8E18-A51A471389CD}.Debug|Any CPU.ActiveCfg = Debug|Any CPU
		{05C12913-338A-4306-8E18-A51A471389CD}.Debug|Any CPU.Build.0 = Debug|Any CPU
		{05C12913-338A-4306-8E18-A51A471389CD}.Release|Any CPU.ActiveCfg = Release|Any CPU
		{05C12913-338A-4306-8E18-A51A471389CD}.Release|Any CPU.Build.0 = Release|Any CPU
		{759CB93C-1414-4D4D-A5CF-56B5217A4EB7}.Debug|Any CPU.ActiveCfg = Debug|Any CPU
		{759CB93C-1414-4D4D-A5CF-56B5217A4EB7}.Debug|Any CPU.Build.0 = Debug|Any CPU
		{759CB93C-1414-4D4D-A5CF-56B5217A4EB7}.Release|Any CPU.ActiveCfg = Release|Any CPU
		{759CB93C-1414-4D4D-A5CF-56B5217A4EB7}.Release|Any CPU.Build.0 = Release|Any CPU
		{39271743-0DDC-4EF3-AD4A-7E197ECC3D0A}.Debug|Any CPU.ActiveCfg = Debug|Any CPU
		{39271743-0DDC-4EF3-AD4A-7E197ECC3D0A}.Debug|Any CPU.Build.0 = Debug|Any CPU
		{39271743-0DDC-4EF3-AD4A-7E197ECC3D0A}.Release|Any CPU.ActiveCfg = Release|Any CPU
		{39271743-0DDC-4EF3-AD4A-7E197ECC3D0A}.Release|Any CPU.Build.0 = Release|Any CPU
		{4F9A88C9-8C10-47E4-A4D4-EC667A715AF5}.Debug|Any CPU.ActiveCfg = Debug|Any CPU
		{4F9A88C9-8C10-47E4-A4D4-EC667A715AF5}.Debug|Any CPU.Build.0 = Debug|Any CPU
		{4F9A88C9-8C10-47E4-A4D4-EC667A715AF5}.Release|Any CPU.ActiveCfg = Release|Any CPU
		{4F9A88C9-8C10-47E4-A4D4-EC667A715AF5}.Release|Any CPU.Build.0 = Release|Any CPU
		{11EB3B41-4ED1-4B8C-BBBB-1C51CDEE3C6D}.Debug|Any CPU.ActiveCfg = Debug|Any CPU
		{11EB3B41-4ED1-4B8C-BBBB-1C51CDEE3C6D}.Debug|Any CPU.Build.0 = Debug|Any CPU
		{11EB3B41-4ED1-4B8C-BBBB-1C51CDEE3C6D}.Release|Any CPU.ActiveCfg = Release|Any CPU
		{11EB3B41-4ED1-4B8C-BBBB-1C51CDEE3C6D}.Release|Any CPU.Build.0 = Release|Any CPU
		{17D1B2EA-98BA-4D2C-A0BB-3EB7EE6901F6}.Debug|Any CPU.ActiveCfg = Debug|Any CPU
		{17D1B2EA-98BA-4D2C-A0BB-3EB7EE6901F6}.Debug|Any CPU.Build.0 = Debug|Any CPU
		{17D1B2EA-98BA-4D2C-A0BB-3EB7EE6901F6}.Release|Any CPU.ActiveCfg = Release|Any CPU
		{17D1B2EA-98BA-4D2C-A0BB-3EB7EE6901F6}.Release|Any CPU.Build.0 = Release|Any CPU
		{BC4E5A5D-C1AA-426C-8D13-C6446E05A09E}.Debug|Any CPU.ActiveCfg = Debug|Any CPU
		{BC4E5A5D-C1AA-426C-8D13-C6446E05A09E}.Debug|Any CPU.Build.0 = Debug|Any CPU
		{BC4E5A5D-C1AA-426C-8D13-C6446E05A09E}.Release|Any CPU.ActiveCfg = Release|Any CPU
		{BC4E5A5D-C1AA-426C-8D13-C6446E05A09E}.Release|Any CPU.Build.0 = Release|Any CPU
		{08917DE1-53BB-4094-BE57-EF41453F887E}.Debug|Any CPU.ActiveCfg = Debug|Any CPU
		{08917DE1-53BB-4094-BE57-EF41453F887E}.Debug|Any CPU.Build.0 = Debug|Any CPU
		{08917DE1-53BB-4094-BE57-EF41453F887E}.Release|Any CPU.ActiveCfg = Release|Any CPU
		{08917DE1-53BB-4094-BE57-EF41453F887E}.Release|Any CPU.Build.0 = Release|Any CPU
		{0CFCD58D-42FB-4B68-8B2F-500B07F47BFD}.Debug|Any CPU.ActiveCfg = Debug|Any CPU
		{0CFCD58D-42FB-4B68-8B2F-500B07F47BFD}.Debug|Any CPU.Build.0 = Debug|Any CPU
		{0CFCD58D-42FB-4B68-8B2F-500B07F47BFD}.Release|Any CPU.ActiveCfg = Release|Any CPU
		{0CFCD58D-42FB-4B68-8B2F-500B07F47BFD}.Release|Any CPU.Build.0 = Release|Any CPU
		{94CC4322-9EB0-4DB3-B864-57D22304B86E}.Debug|Any CPU.ActiveCfg = Debug|Any CPU
		{94CC4322-9EB0-4DB3-B864-57D22304B86E}.Debug|Any CPU.Build.0 = Debug|Any CPU
		{94CC4322-9EB0-4DB3-B864-57D22304B86E}.Release|Any CPU.ActiveCfg = Release|Any CPU
		{94CC4322-9EB0-4DB3-B864-57D22304B86E}.Release|Any CPU.Build.0 = Release|Any CPU
		{3AD0BE44-E027-469E-AEBC-14BB21824580}.Debug|Any CPU.ActiveCfg = Debug|Any CPU
		{3AD0BE44-E027-469E-AEBC-14BB21824580}.Debug|Any CPU.Build.0 = Debug|Any CPU
		{3AD0BE44-E027-469E-AEBC-14BB21824580}.Release|Any CPU.ActiveCfg = Release|Any CPU
		{3AD0BE44-E027-469E-AEBC-14BB21824580}.Release|Any CPU.Build.0 = Release|Any CPU
	EndGlobalSection
	GlobalSection(SolutionProperties) = preSolution
		HideSolutionNode = FALSE
	EndGlobalSection
	GlobalSection(NestedProjects) = preSolution
		{C8B3CDDE-3EB1-4198-810A-857AB55C1A89} = {21EBB51C-CD16-4F00-ABEE-4F91E567E6F3}
		{AFB20072-7673-4B5E-9AF5-D8089390FA32} = {21EBB51C-CD16-4F00-ABEE-4F91E567E6F3}
		{13A9478D-3BC4-41D0-8524-7713D01F521A} = {21EBB51C-CD16-4F00-ABEE-4F91E567E6F3}
		{58FE58EB-155B-49DA-80FA-2C29CD793D1C} = {21EBB51C-CD16-4F00-ABEE-4F91E567E6F3}
		{14C39349-901F-4627-A862-9FE03D68024B} = {217E42F3-316E-47DA-A0FB-CF5AF6B7DD5F}
		{397005E6-9483-42D1-82A2-82D0D297FFC8} = {217E42F3-316E-47DA-A0FB-CF5AF6B7DD5F}
		{80A0DF7C-5410-4229-9AA7-69D913086216} = {217E42F3-316E-47DA-A0FB-CF5AF6B7DD5F}
		{CC589B05-6DD9-4106-AE49-A9D524E93539} = {217E42F3-316E-47DA-A0FB-CF5AF6B7DD5F}
		{00698BC1-127E-46B6-8036-FEE4AC751EC2} = {B85DD636-1673-42CC-9525-93204766B232}
		{2A39A3D1-8F66-476C-85F7-515FFB152BB3} = {B85DD636-1673-42CC-9525-93204766B232}
		{684375A2-AE97-40F6-9957-999A1E85ADE0} = {B85DD636-1673-42CC-9525-93204766B232}
		{A8D0F985-4FE5-4D0B-8191-F1CF8C621E20} = {B85DD636-1673-42CC-9525-93204766B232}
		{D005BC1D-9583-48EB-B414-61B104A67991} = {67517945-567A-4D97-A932-85A771863303}
		{1B97E65F-1680-4DC0-8273-C60B29353F18} = {67517945-567A-4D97-A932-85A771863303}
		{E6182FFD-DE0D-4C13-8557-497D48604F94} = {67517945-567A-4D97-A932-85A771863303}
		{A31B3B26-721D-4FBB-9D3B-1D8242132BD4} = {A9F860F1-CA5E-4FCE-9E47-F34665BCF44A}
		{DA6E1BBB-AF1D-44E8-95CF-5554A35DBDDE} = {A9F860F1-CA5E-4FCE-9E47-F34665BCF44A}
		{D5F97246-D194-490A-8008-6741006318A8} = {A9F860F1-CA5E-4FCE-9E47-F34665BCF44A}
		{50174904-C71A-4A1E-B197-45826509A956} = {A9F860F1-CA5E-4FCE-9E47-F34665BCF44A}
		{A3248A2D-96B6-4808-A239-AD65D9DE21B9} = {2DAD1423-212B-4C21-90FB-04CE41EA6CF1}
		{4EA6EF34-1731-4B69-9FD3-79260C1D812C} = {2DAD1423-212B-4C21-90FB-04CE41EA6CF1}
		{E31ECD8A-4D3D-429F-8212-3F21CF7E273B} = {B46630F9-D803-4468-849D-EA0EC74350A8}
		{5C1C3243-EE1C-45A1-8568-8390E0AC83F6} = {B46630F9-D803-4468-849D-EA0EC74350A8}
		{05C12913-338A-4306-8E18-A51A471389CD} = {B46630F9-D803-4468-849D-EA0EC74350A8}
		{759CB93C-1414-4D4D-A5CF-56B5217A4EB7} = {B46630F9-D803-4468-849D-EA0EC74350A8}
		{39271743-0DDC-4EF3-AD4A-7E197ECC3D0A} = {B46630F9-D803-4468-849D-EA0EC74350A8}
		{4F9A88C9-8C10-47E4-A4D4-EC667A715AF5} = {3756C18F-E4E5-4608-9C25-0210D4E1702D}
		{11EB3B41-4ED1-4B8C-BBBB-1C51CDEE3C6D} = {3756C18F-E4E5-4608-9C25-0210D4E1702D}
		{17D1B2EA-98BA-4D2C-A0BB-3EB7EE6901F6} = {3756C18F-E4E5-4608-9C25-0210D4E1702D}
		{BC4E5A5D-C1AA-426C-8D13-C6446E05A09E} = {3756C18F-E4E5-4608-9C25-0210D4E1702D}
		{08917DE1-53BB-4094-BE57-EF41453F887E} = {3756C18F-E4E5-4608-9C25-0210D4E1702D}
		{0CFCD58D-42FB-4B68-8B2F-500B07F47BFD} = {F733200B-4743-49E4-9A47-F3E969FDF0DC}
		{94CC4322-9EB0-4DB3-B864-57D22304B86E} = {F733200B-4743-49E4-9A47-F3E969FDF0DC}
		{3AD0BE44-E027-469E-AEBC-14BB21824580} = {F733200B-4743-49E4-9A47-F3E969FDF0DC}
	EndGlobalSection
	GlobalSection(ExtensibilityGlobals) = postSolution
		SolutionGuid = {2B6E8FF1-8DC3-470B-BE95-CD7E2FF42F4C}
	EndGlobalSection
EndGlobal
